
Microsoft Visual Studio Solution File, Format Version 12.00
# Visual Studio 15
VisualStudioVersion = 15.0.28307.168
MinimumVisualStudioVersion = 10.0.40219.1
Project("{9A19103F-16F7-4668-BE54-9A1E7A4F7556}") = "ClassLib", "ClassLib\ClassLib.csproj", "{F6C4A7A5-90A5-4780-9A40-42C17D6BAC6D}"
EndProject
Project("{FAE04EC0-301F-11D3-BF4B-00C04F79EFBC}") = "SerializeConsoleApp", "SerializeConsoleApp\SerializeConsoleApp.csproj", "{985699FA-3712-415C-A3EA-E1FAC04D8E54}"
EndProject
Project("{FAE04EC0-301F-11D3-BF4B-00C04F79EFBC}") = "DeserializeConsoleApp", "DeserializeConsoleApp\DeserializeConsoleApp.csproj", "{74941FD0-30CD-45D5-ADDE-2CE4AE91DA72}"
EndProject
Global
	GlobalSection(SolutionConfigurationPlatforms) = preSolution
		Debug|Any CPU = Debug|Any CPU
		Release|Any CPU = Release|Any CPU
	EndGlobalSection
	GlobalSection(ProjectConfigurationPlatforms) = postSolution
		{F6C4A7A5-90A5-4780-9A40-42C17D6BAC6D}.Debug|Any CPU.ActiveCfg = Debug|Any CPU
		{F6C4A7A5-90A5-4780-9A40-42C17D6BAC6D}.Debug|Any CPU.Build.0 = Debug|Any CPU
		{F6C4A7A5-90A5-4780-9A40-42C17D6BAC6D}.Release|Any CPU.ActiveCfg = Release|Any CPU
		{F6C4A7A5-90A5-4780-9A40-42C17D6BAC6D}.Release|Any CPU.Build.0 = Release|Any CPU
		{985699FA-3712-415C-A3EA-E1FAC04D8E54}.Debug|Any CPU.ActiveCfg = Debug|Any CPU
		{985699FA-3712-415C-A3EA-E1FAC04D8E54}.Debug|Any CPU.Build.0 = Debug|Any CPU
		{985699FA-3712-415C-A3EA-E1FAC04D8E54}.Release|Any CPU.ActiveCfg = Release|Any CPU
		{985699FA-3712-415C-A3EA-E1FAC04D8E54}.Release|Any CPU.Build.0 = Release|Any CPU
		{74941FD0-30CD-45D5-ADDE-2CE4AE91DA72}.Debug|Any CPU.ActiveCfg = Debug|Any CPU
		{74941FD0-30CD-45D5-ADDE-2CE4AE91DA72}.Debug|Any CPU.Build.0 = Debug|Any CPU
		{74941FD0-30CD-45D5-ADDE-2CE4AE91DA72}.Release|Any CPU.ActiveCfg = Release|Any CPU
		{74941FD0-30CD-45D5-ADDE-2CE4AE91DA72}.Release|Any CPU.Build.0 = Release|Any CPU
	EndGlobalSection
	GlobalSection(SolutionProperties) = preSolution
		HideSolutionNode = FALSE
	EndGlobalSection
	GlobalSection(ExtensibilityGlobals) = postSolution
		SolutionGuid = {4BF3DC2A-CF88-4976-971C-0BA4106E7715}
	EndGlobalSection
EndGlobal
